<?xml version="1.0" encoding="utf-8"?>
<Project ToolsVersion="4.0" xmlns="http://schemas.microsoft.com/developer/msbuild/2003">
  <ItemGroup>
    <ClInclude Include="stdafx.h" />
    <ClInclude Include="Scene1_title.h">
      <Filter>Scene</Filter>
    </ClInclude>
    <ClInclude Include="Main.h" />
    <ClInclude Include="Scene2_inGame.h">
      <Filter>Scene</Filter>
    </ClInclude>
    <ClInclude Include="Scene3_jazzBar.h">
      <Filter>Scene</Filter>
    </ClInclude>
    <ClInclude Include="Scene4_armory.h">
      <Filter>Scene</Filter>
    </ClInclude>
    <ClInclude Include="Monster.h">
      <Filter>Object\Creature\Monster</Filter>
    </ClInclude>
    <ClInclude Include="redHairRat.h">
      <Filter>Object\Creature\Monster</Filter>
    </ClInclude>
    <ClInclude Include="Player_kill.h">
      <Filter>Object\Creature\Player</Filter>
    </ClInclude>
    <ClInclude Include="Player.h">
      <Filter>Object\Creature\Player</Filter>
    </ClInclude>
    <ClInclude Include="Projectile.h">
      <Filter>Object\Projectile</Filter>
    </ClInclude>
    <ClInclude Include="MonsterManager.h">
      <Filter>System</Filter>
    </ClInclude>
    <ClInclude Include="HUD.h">
      <Filter>System</Filter>
    </ClInclude>
    <ClInclude Include="Creature.h">
      <Filter>Object\Creature</Filter>
    </ClInclude>
    <ClInclude Include="Scene_proto.h">
      <Filter>Scene</Filter>
    </ClInclude>
    <ClInclude Include="Scene5_undercity1.h">
      <Filter>Scene</Filter>
    </ClInclude>
    <ClInclude Include="Scene6_undercity2.h">
      <Filter>Scene</Filter>
    </ClInclude>
    <ClInclude Include="orangeHairRat.h">
      <Filter>Object\Creature\Monster</Filter>
    </ClInclude>
    <ClInclude Include="Scene7_undercity3.h">
      <Filter>Scene</Filter>
    </ClInclude>
    <ClInclude Include="DamageDisplayManager.h">
      <Filter>System</Filter>
    </ClInclude>
    <ClInclude Include="DamageText.h">
      <Filter>System</Filter>
    </ClInclude>
    <ClInclude Include="greenHairRat.h">
      <Filter>Object\Creature\Monster</Filter>
    </ClInclude>
    <ClInclude Include="greenHairRat_atk.h">
      <Filter>Object\Projectile\monsterProj</Filter>
    </ClInclude>
    <ClInclude Include="orangeHairRat_atk.h">
      <Filter>Object\Projectile\monsterProj</Filter>
    </ClInclude>
    <ClInclude Include="redHairRat_atk.h">
      <Filter>Object\Projectile\monsterProj</Filter>
    </ClInclude>
    <ClInclude Include="kill_barehand_atk.h">
      <Filter>Object\Projectile\playerProj</Filter>
    </ClInclude>
    <ClInclude Include="kill_barehand_ChargingAtk.h">
      <Filter>Object\Projectile\playerProj</Filter>
    </ClInclude>
    <ClInclude Include="kill_barehand_skill.h">
      <Filter>Object\Projectile\playerProj</Filter>
    </ClInclude>
    <ClInclude Include="EffectManager.h">
      <Filter>System</Filter>
    </ClInclude>
  </ItemGroup>
  <ItemGroup>
    <ClCompile Include="Scene1_title.cpp">
      <Filter>Scene</Filter>
    </ClCompile>
    <ClCompile Include="Main.cpp" />
    <ClCompile Include="Scene2_inGame.cpp">
      <Filter>Scene</Filter>
    </ClCompile>
    <ClCompile Include="Scene3_jazzBar.cpp">
      <Filter>Scene</Filter>
    </ClCompile>
    <ClCompile Include="Scene4_armory.cpp">
      <Filter>Scene</Filter>
    </ClCompile>
    <ClCompile Include="Monster.cpp">
      <Filter>Object\Creature\Monster</Filter>
    </ClCompile>
    <ClCompile Include="redHairRat.cpp">
      <Filter>Object\Creature\Monster</Filter>
    </ClCompile>
    <ClCompile Include="Player.cpp">
      <Filter>Object\Creature\Player</Filter>
    </ClCompile>
    <ClCompile Include="Player_kill.cpp">
      <Filter>Object\Creature\Player</Filter>
    </ClCompile>
    <ClCompile Include="Projectile.cpp">
      <Filter>Object\Projectile</Filter>
    </ClCompile>
    <ClCompile Include="MonsterManager.cpp">
      <Filter>System</Filter>
    </ClCompile>
    <ClCompile Include="HUD.cpp">
      <Filter>System</Filter>
    </ClCompile>
    <ClCompile Include="Creature.cpp">
      <Filter>Object\Creature</Filter>
    </ClCompile>
    <ClCompile Include="Scene_proto.cpp">
      <Filter>Scene</Filter>
    </ClCompile>
    <ClCompile Include="Scene5_undercity1.cpp">
      <Filter>Scene</Filter>
    </ClCompile>
    <ClCompile Include="Scene6_undercity2.cpp">
      <Filter>Scene</Filter>
    </ClCompile>
    <ClCompile Include="orangeHairRat.cpp">
      <Filter>Object\Creature\Monster</Filter>
    </ClCompile>
    <ClCompile Include="Scene7_undercity3.cpp">
      <Filter>Scene</Filter>
    </ClCompile>
    <ClCompile Include="DamageDisplayManager.cpp">
      <Filter>System</Filter>
    </ClCompile>
    <ClCompile Include="DamageText.cpp">
      <Filter>System</Filter>
    </ClCompile>
    <ClCompile Include="greenHairRat.cpp">
      <Filter>Object\Creature\Monster</Filter>
    </ClCompile>
    <ClCompile Include="greenHairRat_atk.cpp">
      <Filter>Object\Projectile\monsterProj</Filter>
    </ClCompile>
    <ClCompile Include="orangeHairRat_atk.cpp">
      <Filter>Object\Projectile\monsterProj</Filter>
    </ClCompile>
    <ClCompile Include="redHairRat_atk.cpp">
      <Filter>Object\Projectile\monsterProj</Filter>
    </ClCompile>
    <ClCompile Include="kill_barehand_atk.cpp">
      <Filter>Object\Projectile\playerProj</Filter>
    </ClCompile>
    <ClCompile Include="kill_barehand_ChargingAtk.cpp">
      <Filter>Object\Projectile\playerProj</Filter>
    </ClCompile>
    <ClCompile Include="kill_barehand_skill.cpp">
      <Filter>Object\Projectile\playerProj</Filter>
    </ClCompile>
    <ClCompile Include="EffectManager.cpp">
      <Filter>System</Filter>
    </ClCompile>
  </ItemGroup>
  <ItemGroup>
    <Filter Include="Scene">
      <UniqueIdentifier>{67447aca-d442-49d8-a1c4-37287abca0f8}</UniqueIdentifier>
    </Filter>
    <Filter Include="Object">
      <UniqueIdentifier>{355ff697-d03c-4bdd-bdae-32eee4c60bf3}</UniqueIdentifier>
    </Filter>
    <Filter Include="Map">
      <UniqueIdentifier>{c87bda9f-da72-4617-a343-cc9148ae49d7}</UniqueIdentifier>
    </Filter>
    <Filter Include="Object\Weapon">
      <UniqueIdentifier>{dba54104-7890-4102-a614-01cedfe87b3e}</UniqueIdentifier>
    </Filter>
    <Filter Include="Object\Projectile">
      <UniqueIdentifier>{6cf875f2-5dc1-4bd9-a2d4-5b5a4363535e}</UniqueIdentifier>
    </Filter>
    <Filter Include="System">
      <UniqueIdentifier>{8caee8ea-1843-4428-91b5-0fa73ff54988}</UniqueIdentifier>
    </Filter>
    <Filter Include="Object\Creature">
      <UniqueIdentifier>{a83514e5-089e-426c-905e-7c589ceacf57}</UniqueIdentifier>
    </Filter>
    <Filter Include="Object\Creature\Monster">
      <UniqueIdentifier>{9e9cdbe0-a186-47b6-a888-769f7303a2d2}</UniqueIdentifier>
    </Filter>
    <Filter Include="Object\Creature\Player">
      <UniqueIdentifier>{13679068-52f5-4c44-8320-2ceeda30fde5}</UniqueIdentifier>
    </Filter>
    <Filter Include="Object\Projectile\monsterProj">
      <UniqueIdentifier>{9fbc373a-50bf-43ae-8270-9e51c03b1e9c}</UniqueIdentifier>
    </Filter>
    <Filter Include="Object\Projectile\playerProj">
      <UniqueIdentifier>{ba6f2f20-275f-4fee-899f-1e568213133f}</UniqueIdentifier>
    </Filter>
  </ItemGroup>
</Project>