<?xml version="1.0" encoding="utf-8"?>
<Project ToolsVersion="4.0" xmlns="http://schemas.microsoft.com/developer/msbuild/2003">
  <ItemGroup>
    <ClInclude Include="stdafx.h" />
    <ClInclude Include="Scene1_title.h">
      <Filter>Scene</Filter>
    </ClInclude>
    <ClInclude Include="Main.h" />
    <ClInclude Include="Scene2_inGame.h">
      <Filter>Scene</Filter>
    </ClInclude>
    <ClInclude Include="Scene3_jazzBar.h">
      <Filter>Scene</Filter>
    </ClInclude>
    <ClInclude Include="Scene4_armory.h">
      <Filter>Scene</Filter>
    </ClInclude>
    <ClInclude Include="Monster.h">
      <Filter>Object\Creature\Monster</Filter>
    </ClInclude>
    <ClInclude Include="redHairRat.h">
      <Filter>Object\Creature\Monster</Filter>
    </ClInclude>
    <ClInclude Include="Player_kill.h">
      <Filter>Object\Creature\Player</Filter>
    </ClInclude>
    <ClInclude Include="Player.h">
      <Filter>Object\Creature\Player</Filter>
    </ClInclude>
    <ClInclude Include="Projectile.h">
      <Filter>Object\Projectile</Filter>
    </ClInclude>
    <ClInclude Include="MonsterManager.h">
      <Filter>System</Filter>
    </ClInclude>
    <ClInclude Include="HUD.h">
      <Filter>System</Filter>
    </ClInclude>
    <ClInclude Include="Creature.h">
      <Filter>Object\Creature</Filter>
    </ClInclude>
    <ClInclude Include="Scene_proto.h">
      <Filter>Scene</Filter>
    </ClInclude>
    <ClInclude Include="Scene6_undercity2.h">
      <Filter>Scene</Filter>
    </ClInclude>
    <ClInclude Include="orangeHairRat.h">
      <Filter>Object\Creature\Monster</Filter>
    </ClInclude>
    <ClInclude Include="Scene7_undercity3.h">
      <Filter>Scene</Filter>
    </ClInclude>
    <ClInclude Include="DamageDisplayManager.h">
      <Filter>System</Filter>
    </ClInclude>
    <ClInclude Include="DamageText.h">
      <Filter>System</Filter>
    </ClInclude>
    <ClInclude Include="greenHairRat.h">
      <Filter>Object\Creature\Monster</Filter>
    </ClInclude>
    <ClInclude Include="greenHairRat_atk.h">
      <Filter>Object\Projectile\monsterProj</Filter>
    </ClInclude>
    <ClInclude Include="orangeHairRat_atk.h">
      <Filter>Object\Projectile\monsterProj</Filter>
    </ClInclude>
    <ClInclude Include="redHairRat_atk.h">
      <Filter>Object\Projectile\monsterProj</Filter>
    </ClInclude>
    <ClInclude Include="kill_barehand_atk.h">
      <Filter>Object\Projectile\playerProj</Filter>
    </ClInclude>
    <ClInclude Include="kill_barehand_ChargingAtk.h">
      <Filter>Object\Projectile\playerProj</Filter>
    </ClInclude>
    <ClInclude Include="kill_barehand_skill.h">
      <Filter>Object\Projectile\playerProj</Filter>
    </ClInclude>
    <ClInclude Include="EffectManager.h">
      <Filter>System</Filter>
    </ClInclude>
    <ClInclude Include="Chest.h">
      <Filter>Object\Chest</Filter>
    </ClInclude>
    <ClInclude Include="commonChest.h">
      <Filter>Object\Chest</Filter>
    </ClInclude>
    <ClInclude Include="Item.h">
      <Filter>Object\Item</Filter>
    </ClInclude>
    <ClInclude Include="ItemManager.h">
      <Filter>System</Filter>
    </ClInclude>
    <ClInclude Include="candle.h">
      <Filter>Object\Item\EPIC</Filter>
    </ClInclude>
    <ClInclude Include="reinforcedChampionBelt.h">
      <Filter>Object\Item\EPIC</Filter>
    </ClInclude>
    <ClInclude Include="leatherBelt.h">
      <Filter>Object\Item\NORMAL</Filter>
    </ClInclude>
    <ClInclude Include="grip.h">
      <Filter>Object\Item\RARE</Filter>
    </ClInclude>
    <ClInclude Include="magicSword.h">
      <Filter>Object\Item\RARE</Filter>
    </ClInclude>
    <ClInclude Include="reinforcedGrip.h">
      <Filter>Object\Item\EPIC</Filter>
    </ClInclude>
    <ClInclude Include="championBelt.h">
      <Filter>Object\Item\RARE</Filter>
    </ClInclude>
    <ClInclude Include="icepick.h">
      <Filter>Object\Item\RARE</Filter>
    </ClInclude>
    <ClInclude Include="oldSneakers.h">
      <Filter>Object\Item\NORMAL</Filter>
    </ClInclude>
    <ClInclude Include="cottonGloves.h">
      <Filter>Object\Item\NORMAL</Filter>
    </ClInclude>
    <ClInclude Include="ObjectManager.h">
      <Filter>System</Filter>
    </ClInclude>
    <ClInclude Include="uncommonChest.h">
      <Filter>Object\Chest</Filter>
    </ClInclude>
    <ClInclude Include="rareChest.h">
      <Filter>Object\Chest</Filter>
    </ClInclude>
    <ClInclude Include="dart.h">
      <Filter>Object\Item\NORMAL</Filter>
    </ClInclude>
    <ClInclude Include="ironBullet.h">
      <Filter>Object\Item\NORMAL</Filter>
    </ClInclude>
    <ClInclude Include="starBadge.h">
      <Filter>Object\Item\NORMAL</Filter>
    </ClInclude>
    <ClInclude Include="normalGear.h">
      <Filter>Object\Item\NORMAL</Filter>
    </ClInclude>
    <ClInclude Include="rareGear.h">
      <Filter>Object\Item\RARE</Filter>
    </ClInclude>
    <ClInclude Include="legendaryGear.h">
      <Filter>Object\Item\LEGENDARY</Filter>
    </ClInclude>
    <ClInclude Include="epicGear.h">
      <Filter>Object\Item\EPIC</Filter>
    </ClInclude>
    <ClInclude Include="bearhat.h">
      <Filter>Object\Item\NORMAL</Filter>
    </ClInclude>
    <ClInclude Include="duracell.h">
      <Filter>Object\Item\NORMAL</Filter>
    </ClInclude>
    <ClInclude Include="woodenShield.h">
      <Filter>Object\Item\NORMAL</Filter>
    </ClInclude>
    <ClInclude Include="lv3helmet.h">
      <Filter>Object\Item\LEGENDARY</Filter>
    </ClInclude>
    <ClInclude Include="legendaryChampionBelt.h">
      <Filter>Object\Item\LEGENDARY</Filter>
    </ClInclude>
    <ClInclude Include="goldGrip.h">
      <Filter>Object\Item\LEGENDARY</Filter>
    </ClInclude>
    <ClInclude Include="ringOfGiant.h">
      <Filter>Object\Item\LEGENDARY</Filter>
    </ClInclude>
    <ClInclude Include="firstAidKit.h">
      <Filter>Object\Item\LEGENDARY</Filter>
    </ClInclude>
    <ClInclude Include="runeStone.h">
      <Filter>Object\Item\LEGENDARY</Filter>
    </ClInclude>
    <ClInclude Include="trinity.h">
      <Filter>Object\Item\LEGENDARY</Filter>
    </ClInclude>
    <ClInclude Include="hourGlass.h">
      <Filter>Object\Item\LEGENDARY</Filter>
    </ClInclude>
    <ClInclude Include="heroSword.h">
      <Filter>Object\Item\LEGENDARY</Filter>
    </ClInclude>
    <ClInclude Include="silverAxe.h">
      <Filter>Object\Item\EPIC</Filter>
    </ClInclude>
    <ClInclude Include="rogueMask.h">
      <Filter>Object\Item\EPIC</Filter>
    </ClInclude>
    <ClInclude Include="boxingGloves.h">
      <Filter>Object\Item\EPIC</Filter>
    </ClInclude>
    <ClInclude Include="cactus.h">
      <Filter>Object\Item\EPIC</Filter>
    </ClInclude>
    <ClInclude Include="player_damageReflection.h">
      <Filter>Object\Projectile\playerProj</Filter>
    </ClInclude>
    <ClInclude Include="syringe.h">
      <Filter>Object\Item\EPIC</Filter>
    </ClInclude>
    <ClInclude Include="huntersArmor.h">
      <Filter>Object\Item\EPIC</Filter>
    </ClInclude>
    <ClInclude Include="heatedClub.h">
      <Filter>Object\Item\RARE</Filter>
    </ClInclude>
    <ClInclude Include="charger.h">
      <Filter>Object\Item\RARE</Filter>
    </ClInclude>
    <ClInclude Include="cheese.h">
      <Filter>Object\Item\RARE</Filter>
    </ClInclude>
    <ClInclude Include="teleScope.h">
      <Filter>Object\Item\RARE</Filter>
    </ClInclude>
    <ClInclude Include="joggingShoes.h">
      <Filter>Object\Item\RARE</Filter>
    </ClInclude>
    <ClInclude Include="Scene8_undercity4.h">
      <Filter>Scene</Filter>
    </ClInclude>
    <ClInclude Include="ratmotan.h">
      <Filter>Object\Creature\Monster</Filter>
    </ClInclude>
    <ClInclude Include="ratmotan_atk.h">
      <Filter>Object\Projectile\monsterProj</Filter>
    </ClInclude>
    <ClInclude Include="shockwaveGenerator.h">
      <Filter>Object\ProjGenerator</Filter>
    </ClInclude>
    <ClInclude Include="ratmotan_shockwave.h">
      <Filter>Object\Projectile\monsterProj</Filter>
    </ClInclude>
    <ClInclude Include="ratmotan_dashAtk.h">
      <Filter>Object\Projectile\monsterProj</Filter>
    </ClInclude>
    <ClInclude Include="ratmotan_dashFinish.h">
      <Filter>Object\Projectile\monsterProj</Filter>
    </ClInclude>
    <ClInclude Include="Scene5_undercity1.h">
      <Filter>Scene</Filter>
    </ClInclude>
    <ClInclude Include="SoundDB.h">
      <Filter>System</Filter>
    </ClInclude>
    <ClInclude Include="npcProto.h">
      <Filter>Object\Npc</Filter>
    </ClInclude>
    <ClInclude Include="npcDjang.h">
      <Filter>Object\Npc</Filter>
    </ClInclude>
    <ClInclude Include="npcBigmam.h">
      <Filter>Object\Npc</Filter>
    </ClInclude>
    <ClInclude Include="npcSaxman.h">
      <Filter>Object\Npc</Filter>
    </ClInclude>
    <ClInclude Include="npcHank.h">
      <Filter>Object\Npc</Filter>
    </ClInclude>
    <ClInclude Include="npcPianoman.h">
      <Filter>Object\Npc</Filter>
    </ClInclude>
    <ClInclude Include="npcDoctor.h">
      <Filter>Object\Npc</Filter>
    </ClInclude>
    <ClInclude Include="npcMax.h">
      <Filter>Object\Npc</Filter>
    </ClInclude>
    <ClInclude Include="npcZett.h">
      <Filter>Object\Npc</Filter>
    </ClInclude>
    <ClInclude Include="npcDarcy.h">
      <Filter>Object\Npc</Filter>
    </ClInclude>
    <ClInclude Include="npcJenny.h">
      <Filter>Object\Npc</Filter>
    </ClInclude>
    <ClInclude Include="npcJack.h">
      <Filter>Object\Npc</Filter>
    </ClInclude>
  </ItemGroup>
  <ItemGroup>
    <ClCompile Include="Scene1_title.cpp">
      <Filter>Scene</Filter>
    </ClCompile>
    <ClCompile Include="Main.cpp" />
    <ClCompile Include="Scene2_inGame.cpp">
      <Filter>Scene</Filter>
    </ClCompile>
    <ClCompile Include="Scene3_jazzBar.cpp">
      <Filter>Scene</Filter>
    </ClCompile>
    <ClCompile Include="Scene4_armory.cpp">
      <Filter>Scene</Filter>
    </ClCompile>
    <ClCompile Include="Monster.cpp">
      <Filter>Object\Creature\Monster</Filter>
    </ClCompile>
    <ClCompile Include="redHairRat.cpp">
      <Filter>Object\Creature\Monster</Filter>
    </ClCompile>
    <ClCompile Include="Player.cpp">
      <Filter>Object\Creature\Player</Filter>
    </ClCompile>
    <ClCompile Include="Player_kill.cpp">
      <Filter>Object\Creature\Player</Filter>
    </ClCompile>
    <ClCompile Include="Projectile.cpp">
      <Filter>Object\Projectile</Filter>
    </ClCompile>
    <ClCompile Include="MonsterManager.cpp">
      <Filter>System</Filter>
    </ClCompile>
    <ClCompile Include="HUD.cpp">
      <Filter>System</Filter>
    </ClCompile>
    <ClCompile Include="Creature.cpp">
      <Filter>Object\Creature</Filter>
    </ClCompile>
    <ClCompile Include="Scene_proto.cpp">
      <Filter>Scene</Filter>
    </ClCompile>
    <ClCompile Include="Scene5_undercity1.cpp">
      <Filter>Scene</Filter>
    </ClCompile>
    <ClCompile Include="Scene6_undercity2.cpp">
      <Filter>Scene</Filter>
    </ClCompile>
    <ClCompile Include="orangeHairRat.cpp">
      <Filter>Object\Creature\Monster</Filter>
    </ClCompile>
    <ClCompile Include="Scene7_undercity3.cpp">
      <Filter>Scene</Filter>
    </ClCompile>
    <ClCompile Include="DamageDisplayManager.cpp">
      <Filter>System</Filter>
    </ClCompile>
    <ClCompile Include="DamageText.cpp">
      <Filter>System</Filter>
    </ClCompile>
    <ClCompile Include="greenHairRat.cpp">
      <Filter>Object\Creature\Monster</Filter>
    </ClCompile>
    <ClCompile Include="greenHairRat_atk.cpp">
      <Filter>Object\Projectile\monsterProj</Filter>
    </ClCompile>
    <ClCompile Include="orangeHairRat_atk.cpp">
      <Filter>Object\Projectile\monsterProj</Filter>
    </ClCompile>
    <ClCompile Include="redHairRat_atk.cpp">
      <Filter>Object\Projectile\monsterProj</Filter>
    </ClCompile>
    <ClCompile Include="kill_barehand_atk.cpp">
      <Filter>Object\Projectile\playerProj</Filter>
    </ClCompile>
    <ClCompile Include="kill_barehand_ChargingAtk.cpp">
      <Filter>Object\Projectile\playerProj</Filter>
    </ClCompile>
    <ClCompile Include="kill_barehand_skill.cpp">
      <Filter>Object\Projectile\playerProj</Filter>
    </ClCompile>
    <ClCompile Include="EffectManager.cpp">
      <Filter>System</Filter>
    </ClCompile>
    <ClCompile Include="Chest.cpp">
      <Filter>Object\Chest</Filter>
    </ClCompile>
    <ClCompile Include="commonChest.cpp">
      <Filter>Object\Chest</Filter>
    </ClCompile>
    <ClCompile Include="Item.cpp">
      <Filter>Object\Item</Filter>
    </ClCompile>
    <ClCompile Include="ItemManager.cpp">
      <Filter>System</Filter>
    </ClCompile>
    <ClCompile Include="candle.cpp">
      <Filter>Object\Item\EPIC</Filter>
    </ClCompile>
    <ClCompile Include="reinforcedChampionBelt.cpp">
      <Filter>Object\Item\EPIC</Filter>
    </ClCompile>
    <ClCompile Include="leatherBelt.cpp">
      <Filter>Object\Item\NORMAL</Filter>
    </ClCompile>
    <ClCompile Include="grip.cpp">
      <Filter>Object\Item\RARE</Filter>
    </ClCompile>
    <ClCompile Include="magicSword.cpp">
      <Filter>Object\Item\RARE</Filter>
    </ClCompile>
    <ClCompile Include="reinforcedGrip.cpp">
      <Filter>Object\Item\EPIC</Filter>
    </ClCompile>
    <ClCompile Include="championBelt.cpp">
      <Filter>Object\Item\RARE</Filter>
    </ClCompile>
    <ClCompile Include="icepick.cpp">
      <Filter>Object\Item\RARE</Filter>
    </ClCompile>
    <ClCompile Include="oldSneakers.cpp">
      <Filter>Object\Item\NORMAL</Filter>
    </ClCompile>
    <ClCompile Include="cottonGloves.cpp">
      <Filter>Object\Item\NORMAL</Filter>
    </ClCompile>
    <ClCompile Include="ObjectManager.cpp">
      <Filter>System</Filter>
    </ClCompile>
    <ClCompile Include="uncommonChest.cpp">
      <Filter>Object\Chest</Filter>
    </ClCompile>
    <ClCompile Include="rareChest.cpp">
      <Filter>Object\Chest</Filter>
    </ClCompile>
    <ClCompile Include="dart.cpp">
      <Filter>Object\Item\NORMAL</Filter>
    </ClCompile>
    <ClCompile Include="ironBullet.cpp">
      <Filter>Object\Item\NORMAL</Filter>
    </ClCompile>
    <ClCompile Include="starBadge.cpp">
      <Filter>Object\Item\NORMAL</Filter>
    </ClCompile>
    <ClCompile Include="normalGear.cpp">
      <Filter>Object\Item\NORMAL</Filter>
    </ClCompile>
    <ClCompile Include="rareGear.cpp">
      <Filter>Object\Item\RARE</Filter>
    </ClCompile>
    <ClCompile Include="legendaryGear.cpp">
      <Filter>Object\Item\LEGENDARY</Filter>
    </ClCompile>
    <ClCompile Include="epicGear.cpp">
      <Filter>Object\Item\EPIC</Filter>
    </ClCompile>
    <ClCompile Include="bearhat.cpp">
      <Filter>Object\Item\NORMAL</Filter>
    </ClCompile>
    <ClCompile Include="duracell.cpp">
      <Filter>Object\Item\NORMAL</Filter>
    </ClCompile>
    <ClCompile Include="woodenShield.cpp">
      <Filter>Object\Item\NORMAL</Filter>
    </ClCompile>
    <ClCompile Include="lv3helmet.cpp">
      <Filter>Object\Item\LEGENDARY</Filter>
    </ClCompile>
    <ClCompile Include="legendaryChampionBelt.cpp">
      <Filter>Object\Item\LEGENDARY</Filter>
    </ClCompile>
    <ClCompile Include="goldGrip.cpp">
      <Filter>Object\Item\LEGENDARY</Filter>
    </ClCompile>
    <ClCompile Include="ringOfGiant.cpp">
      <Filter>Object\Item\LEGENDARY</Filter>
    </ClCompile>
    <ClCompile Include="firstAidKit.cpp">
      <Filter>Object\Item\LEGENDARY</Filter>
    </ClCompile>
    <ClCompile Include="runeStone.cpp">
      <Filter>Object\Item\LEGENDARY</Filter>
    </ClCompile>
    <ClCompile Include="trinity.cpp">
      <Filter>Object\Item\LEGENDARY</Filter>
    </ClCompile>
    <ClCompile Include="hourGlass.cpp">
      <Filter>Object\Item\LEGENDARY</Filter>
    </ClCompile>
    <ClCompile Include="heroSword.cpp">
      <Filter>Object\Item\LEGENDARY</Filter>
    </ClCompile>
    <ClCompile Include="rogueMask.cpp">
      <Filter>Object\Item\EPIC</Filter>
    </ClCompile>
    <ClCompile Include="silverAxe.cpp">
      <Filter>Object\Item\EPIC</Filter>
    </ClCompile>
    <ClCompile Include="boxingGloves.cpp">
      <Filter>Object\Item\EPIC</Filter>
    </ClCompile>
    <ClCompile Include="cactus.cpp">
      <Filter>Object\Item\EPIC</Filter>
    </ClCompile>
    <ClCompile Include="player_damageReflection.cpp">
      <Filter>Object\Projectile\playerProj</Filter>
    </ClCompile>
    <ClCompile Include="syringe.cpp">
      <Filter>Object\Item\EPIC</Filter>
    </ClCompile>
    <ClCompile Include="huntersArmor.cpp">
      <Filter>Object\Item\EPIC</Filter>
    </ClCompile>
    <ClCompile Include="heatedClub.cpp">
      <Filter>Object\Item\RARE</Filter>
    </ClCompile>
    <ClCompile Include="charger.cpp">
      <Filter>Object\Item\RARE</Filter>
    </ClCompile>
    <ClCompile Include="cheese.cpp">
      <Filter>Object\Item\RARE</Filter>
    </ClCompile>
    <ClCompile Include="teleScope.cpp">
      <Filter>Object\Item\RARE</Filter>
    </ClCompile>
    <ClCompile Include="joggingShoes.cpp">
      <Filter>Object\Item\RARE</Filter>
    </ClCompile>
    <ClCompile Include="Scene8_undercity4.cpp">
      <Filter>Scene</Filter>
    </ClCompile>
    <ClCompile Include="ratmotan.cpp">
      <Filter>Object\Creature\Monster</Filter>
    </ClCompile>
    <ClCompile Include="ratmotan_atk.cpp">
      <Filter>Object\Projectile\monsterProj</Filter>
    </ClCompile>
    <ClCompile Include="shockwaveGenerator.cpp">
      <Filter>Object\ProjGenerator</Filter>
    </ClCompile>
    <ClCompile Include="ratmotan_shockwave.cpp">
      <Filter>Object\Projectile\monsterProj</Filter>
    </ClCompile>
    <ClCompile Include="ratmotan_dashAtk.cpp">
      <Filter>Object\Projectile\monsterProj</Filter>
    </ClCompile>
    <ClCompile Include="ratmotan_dashFinish.cpp">
      <Filter>Object\Projectile\monsterProj</Filter>
    </ClCompile>
    <ClCompile Include="SoundDB.cpp">
      <Filter>System</Filter>
    </ClCompile>
    <ClCompile Include="npcProto.cpp">
      <Filter>Object\Npc</Filter>
    </ClCompile>
    <ClCompile Include="npcDjang.cpp">
      <Filter>Object\Npc</Filter>
    </ClCompile>
    <ClCompile Include="npcBigmam.cpp">
      <Filter>Object\Npc</Filter>
    </ClCompile>
    <ClCompile Include="npcSaxman.cpp">
      <Filter>Object\Npc</Filter>
    </ClCompile>
    <ClCompile Include="npcHank.cpp">
      <Filter>Object\Npc</Filter>
    </ClCompile>
    <ClCompile Include="npcPianoman.cpp">
      <Filter>Object\Npc</Filter>
    </ClCompile>
    <ClCompile Include="npcDoctor.cpp">
      <Filter>Object\Npc</Filter>
    </ClCompile>
    <ClCompile Include="npcMax.cpp">
      <Filter>Object\Npc</Filter>
    </ClCompile>
    <ClCompile Include="npcDarcy.cpp">
      <Filter>Object\Npc</Filter>
    </ClCompile>
    <ClCompile Include="npcJenny.cpp">
      <Filter>Object\Npc</Filter>
    </ClCompile>
    <ClCompile Include="npcZett.cpp">
      <Filter>Object\Npc</Filter>
    </ClCompile>
    <ClCompile Include="npcJack.cpp">
      <Filter>Object\Npc</Filter>
    </ClCompile>
  </ItemGroup>
  <ItemGroup>
    <Filter Include="Scene">
      <UniqueIdentifier>{67447aca-d442-49d8-a1c4-37287abca0f8}</UniqueIdentifier>
    </Filter>
    <Filter Include="Object">
      <UniqueIdentifier>{355ff697-d03c-4bdd-bdae-32eee4c60bf3}</UniqueIdentifier>
    </Filter>
    <Filter Include="Map">
      <UniqueIdentifier>{c87bda9f-da72-4617-a343-cc9148ae49d7}</UniqueIdentifier>
    </Filter>
    <Filter Include="Object\Projectile">
      <UniqueIdentifier>{6cf875f2-5dc1-4bd9-a2d4-5b5a4363535e}</UniqueIdentifier>
    </Filter>
    <Filter Include="System">
      <UniqueIdentifier>{8caee8ea-1843-4428-91b5-0fa73ff54988}</UniqueIdentifier>
    </Filter>
    <Filter Include="Object\Creature">
      <UniqueIdentifier>{a83514e5-089e-426c-905e-7c589ceacf57}</UniqueIdentifier>
    </Filter>
    <Filter Include="Object\Creature\Monster">
      <UniqueIdentifier>{9e9cdbe0-a186-47b6-a888-769f7303a2d2}</UniqueIdentifier>
    </Filter>
    <Filter Include="Object\Creature\Player">
      <UniqueIdentifier>{13679068-52f5-4c44-8320-2ceeda30fde5}</UniqueIdentifier>
    </Filter>
    <Filter Include="Object\Projectile\monsterProj">
      <UniqueIdentifier>{9fbc373a-50bf-43ae-8270-9e51c03b1e9c}</UniqueIdentifier>
    </Filter>
    <Filter Include="Object\Projectile\playerProj">
      <UniqueIdentifier>{ba6f2f20-275f-4fee-899f-1e568213133f}</UniqueIdentifier>
    </Filter>
    <Filter Include="Object\Chest">
      <UniqueIdentifier>{7f13a9c3-0dde-430d-b2e2-19fca4a48e98}</UniqueIdentifier>
    </Filter>
    <Filter Include="Object\Item">
      <UniqueIdentifier>{c3503532-0af8-414a-b699-2a8452326ef9}</UniqueIdentifier>
    </Filter>
    <Filter Include="Object\Item\NORMAL">
      <UniqueIdentifier>{b2da47e0-bc4f-4cc6-803a-24441fff0bf6}</UniqueIdentifier>
    </Filter>
    <Filter Include="Object\Item\RARE">
      <UniqueIdentifier>{55ed0c9a-da44-4648-a4cc-e183eced1876}</UniqueIdentifier>
    </Filter>
    <Filter Include="Object\Item\EPIC">
      <UniqueIdentifier>{e0d681ac-fecc-481e-84b5-2d6876c830ca}</UniqueIdentifier>
    </Filter>
    <Filter Include="Object\Item\LEGENDARY">
      <UniqueIdentifier>{c62d915d-30cd-447e-8f5b-dae128eaa34d}</UniqueIdentifier>
    </Filter>
    <Filter Include="Object\ProjGenerator">
      <UniqueIdentifier>{481516bb-7182-42df-a518-46aa0e2a328a}</UniqueIdentifier>
    </Filter>
    <Filter Include="Object\Npc">
      <UniqueIdentifier>{e0f9d489-6dce-40ad-b97e-30655f108c4b}</UniqueIdentifier>
    </Filter>
  </ItemGroup>
</Project>