<?xml version="1.0" encoding="utf-8"?>
<Project ToolsVersion="4.0" xmlns="http://schemas.microsoft.com/developer/msbuild/2003">
  <ItemGroup>
    <ClInclude Include="stdafx.h" />
    <ClInclude Include="Scene1_title.h">
      <Filter>Scene</Filter>
    </ClInclude>
    <ClInclude Include="Main.h" />
    <ClInclude Include="Scene2_inGame.h">
      <Filter>Scene</Filter>
    </ClInclude>
    <ClInclude Include="Scene3_jazzBar.h">
      <Filter>Scene</Filter>
    </ClInclude>
    <ClInclude Include="Scene4_armory.h">
      <Filter>Scene</Filter>
    </ClInclude>
    <ClInclude Include="Monster.h">
      <Filter>Object\Monster</Filter>
    </ClInclude>
    <ClInclude Include="redHairRat.h">
      <Filter>Object\Monster</Filter>
    </ClInclude>
    <ClInclude Include="Player_kill.h">
      <Filter>Object\Player</Filter>
    </ClInclude>
    <ClInclude Include="Player.h">
      <Filter>Object\Player</Filter>
    </ClInclude>
    <ClInclude Include="kill_barehand_atk.h">
      <Filter>Object\Projectile</Filter>
    </ClInclude>
    <ClInclude Include="Projectile.h">
      <Filter>Object\Projectile</Filter>
    </ClInclude>
    <ClInclude Include="MonsterManager.h">
      <Filter>System</Filter>
    </ClInclude>
    <ClInclude Include="redHairRat_atk.h">
      <Filter>Object\Projectile</Filter>
    </ClInclude>
  </ItemGroup>
  <ItemGroup>
    <ClCompile Include="Scene1_title.cpp">
      <Filter>Scene</Filter>
    </ClCompile>
    <ClCompile Include="Main.cpp" />
    <ClCompile Include="Scene2_inGame.cpp">
      <Filter>Scene</Filter>
    </ClCompile>
    <ClCompile Include="Scene3_jazzBar.cpp">
      <Filter>Scene</Filter>
    </ClCompile>
    <ClCompile Include="Scene4_armory.cpp">
      <Filter>Scene</Filter>
    </ClCompile>
    <ClCompile Include="Monster.cpp">
      <Filter>Object\Monster</Filter>
    </ClCompile>
    <ClCompile Include="redHairRat.cpp">
      <Filter>Object\Monster</Filter>
    </ClCompile>
    <ClCompile Include="Player.cpp">
      <Filter>Object\Player</Filter>
    </ClCompile>
    <ClCompile Include="Player_kill.cpp">
      <Filter>Object\Player</Filter>
    </ClCompile>
    <ClCompile Include="kill_barehand_atk.cpp">
      <Filter>Object\Projectile</Filter>
    </ClCompile>
    <ClCompile Include="Projectile.cpp">
      <Filter>Object\Projectile</Filter>
    </ClCompile>
    <ClCompile Include="MonsterManager.cpp">
      <Filter>System</Filter>
    </ClCompile>
    <ClCompile Include="redHairRat_atk.cpp">
      <Filter>Object\Projectile</Filter>
    </ClCompile>
  </ItemGroup>
  <ItemGroup>
    <Filter Include="Scene">
      <UniqueIdentifier>{67447aca-d442-49d8-a1c4-37287abca0f8}</UniqueIdentifier>
    </Filter>
    <Filter Include="Object">
      <UniqueIdentifier>{355ff697-d03c-4bdd-bdae-32eee4c60bf3}</UniqueIdentifier>
    </Filter>
    <Filter Include="Map">
      <UniqueIdentifier>{c87bda9f-da72-4617-a343-cc9148ae49d7}</UniqueIdentifier>
    </Filter>
    <Filter Include="Object\Monster">
      <UniqueIdentifier>{9e9cdbe0-a186-47b6-a888-769f7303a2d2}</UniqueIdentifier>
    </Filter>
    <Filter Include="Object\Player">
      <UniqueIdentifier>{13679068-52f5-4c44-8320-2ceeda30fde5}</UniqueIdentifier>
    </Filter>
    <Filter Include="Object\Weapon">
      <UniqueIdentifier>{dba54104-7890-4102-a614-01cedfe87b3e}</UniqueIdentifier>
    </Filter>
    <Filter Include="Object\Projectile">
      <UniqueIdentifier>{6cf875f2-5dc1-4bd9-a2d4-5b5a4363535e}</UniqueIdentifier>
    </Filter>
    <Filter Include="System">
      <UniqueIdentifier>{8caee8ea-1843-4428-91b5-0fa73ff54988}</UniqueIdentifier>
    </Filter>
  </ItemGroup>
</Project>